
Microsoft Visual Studio Solution File, Format Version 10.00
# Visual Studio 2008
Project("{FAE04EC0-301F-11D3-BF4B-00C04F79EFBC}") = "Test", "Test\Test.csproj", "{A25C87EC-694E-4CB7-ABAE-C8C9BAC05537}"
EndProject
Project("{FAE04EC0-301F-11D3-BF4B-00C04F79EFBC}") = "Database", "Database\Database.csproj", "{03A00305-4276-4938-8A35-61CABEDCA778}"
EndProject
Global
	GlobalSection(SolutionConfigurationPlatforms) = preSolution
		Debug|Any CPU = Debug|Any CPU
		Release|Any CPU = Release|Any CPU
	EndGlobalSection
	GlobalSection(ProjectConfigurationPlatforms) = postSolution
		{A25C87EC-694E-4CB7-ABAE-C8C9BAC05537}.Debug|Any CPU.ActiveCfg = Debug|Any CPU
		{A25C87EC-694E-4CB7-ABAE-C8C9BAC05537}.Debug|Any CPU.Build.0 = Debug|Any CPU
		{A25C87EC-694E-4CB7-ABAE-C8C9BAC05537}.Release|Any CPU.ActiveCfg = Release|Any CPU
		{A25C87EC-694E-4CB7-ABAE-C8C9BAC05537}.Release|Any CPU.Build.0 = Release|Any CPU
		{03A00305-4276-4938-8A35-61CABEDCA778}.Debug|Any CPU.ActiveCfg = Debug|Any CPU
		{03A00305-4276-4938-8A35-61CABEDCA778}.Debug|Any CPU.Build.0 = Debug|Any CPU
		{03A00305-4276-4938-8A35-61CABEDCA778}.Release|Any CPU.ActiveCfg = Release|Any CPU
		{03A00305-4276-4938-8A35-61CABEDCA778}.Release|Any CPU.Build.0 = Release|Any CPU
	EndGlobalSection
	GlobalSection(SolutionProperties) = preSolution
		HideSolutionNode = FALSE
	EndGlobalSection
EndGlobal
